
Microsoft Visual Studio Solution File, Format Version 12.00
# Visual Studio Version 17
VisualStudioVersion = 17.10.35004.147
MinimumVisualStudioVersion = 10.0.40219.1
Project("{FAE04EC0-301F-11D3-BF4B-00C04F79EFBC}") = "cikl2", "cikl2\cikl2.csproj", "{80519194-2597-4649-B057-C2442E0ADBBD}"
EndProject
Global
	GlobalSection(SolutionConfigurationPlatforms) = preSolution
		Debug|Any CPU = Debug|Any CPU
		Release|Any CPU = Release|Any CPU
	EndGlobalSection
	GlobalSection(ProjectConfigurationPlatforms) = postSolution
		{80519194-2597-4649-B057-C2442E0ADBBD}.Debug|Any CPU.ActiveCfg = Debug|Any CPU
		{80519194-2597-4649-B057-C2442E0ADBBD}.Debug|Any CPU.Build.0 = Debug|Any CPU
		{80519194-2597-4649-B057-C2442E0ADBBD}.Release|Any CPU.ActiveCfg = Release|Any CPU
		{80519194-2597-4649-B057-C2442E0ADBBD}.Release|Any CPU.Build.0 = Release|Any CPU
	EndGlobalSection
	GlobalSection(SolutionProperties) = preSolution
		HideSolutionNode = FALSE
	EndGlobalSection
	GlobalSection(ExtensibilityGlobals) = postSolution
		SolutionGuid = {5F29F215-F6AF-47A1-B88D-89F2A507EBD3}
	EndGlobalSection
EndGlobal
